// !$*UTF8*$!
{
	archiveVersion = 1;
	classes = {
	};
	objectVersion = 50;
	objects = {

/* Begin PBXBuildFile section */
		1D2B6B2923439F940052116A /* NetworkError.swift in Sources */ = {isa = PBXBuildFile; fileRef = 1D2B6B2823439F940052116A /* NetworkError.swift */; };
		1D2B6B2C2343ABA40052116A /* User.swift in Sources */ = {isa = PBXBuildFile; fileRef = 1D2B6B2B2343ABA40052116A /* User.swift */; };
		1D2B6B2E2343B36F0052116A /* SDWebImage.framework in Frameworks */ = {isa = PBXBuildFile; fileRef = 1D2B6B2D2343B36F0052116A /* SDWebImage.framework */; };
		1D2B6B2F2343B36F0052116A /* SDWebImage.framework in Embed Frameworks */ = {isa = PBXBuildFile; fileRef = 1D2B6B2D2343B36F0052116A /* SDWebImage.framework */; settings = {ATTRIBUTES = (CodeSignOnCopy, RemoveHeadersOnCopy, ); }; };
		1D2B6B362343F0DE0052116A /* BarButton.swift in Sources */ = {isa = PBXBuildFile; fileRef = 1D2B6B352343F0DE0052116A /* BarButton.swift */; };
		1D2B6B3E2343F37A0052116A /* FilterInterfaces.swift in Sources */ = {isa = PBXBuildFile; fileRef = 1D2B6B382343F37A0052116A /* FilterInterfaces.swift */; };
		1D2B6B3F2343F37A0052116A /* FilterPresenter.swift in Sources */ = {isa = PBXBuildFile; fileRef = 1D2B6B392343F37A0052116A /* FilterPresenter.swift */; };
		1D2B6B402343F37A0052116A /* FilterViewController.swift in Sources */ = {isa = PBXBuildFile; fileRef = 1D2B6B3A2343F37A0052116A /* FilterViewController.swift */; };
		1D2B6B412343F37A0052116A /* FilterInteractor.swift in Sources */ = {isa = PBXBuildFile; fileRef = 1D2B6B3B2343F37A0052116A /* FilterInteractor.swift */; };
		1D2B6B422343F37A0052116A /* FilterViewModel.swift in Sources */ = {isa = PBXBuildFile; fileRef = 1D2B6B3C2343F37A0052116A /* FilterViewModel.swift */; };
		1D2B6B432343F37A0052116A /* FilterWireframe.swift in Sources */ = {isa = PBXBuildFile; fileRef = 1D2B6B3D2343F37A0052116A /* FilterWireframe.swift */; };
		1D2B6B4B23446F3A0052116A /* FilterTableViewCell.swift in Sources */ = {isa = PBXBuildFile; fileRef = 1D2B6B4A23446F3A0052116A /* FilterTableViewCell.swift */; };
		1D2B6B4D234473CB0052116A /* UISegmentedControl.swift in Sources */ = {isa = PBXBuildFile; fileRef = 1D2B6B4C234473CB0052116A /* UISegmentedControl.swift */; };
		1D2B6B4F234475E50052116A /* SearchType.swift in Sources */ = {isa = PBXBuildFile; fileRef = 1D2B6B4E234475E50052116A /* SearchType.swift */; };
		1D2B6B5123447C1D0052116A /* SortType.swift in Sources */ = {isa = PBXBuildFile; fileRef = 1D2B6B5023447C1D0052116A /* SortType.swift */; };
		1D2B6B5323447DA80052116A /* FilterParameters.swift in Sources */ = {isa = PBXBuildFile; fileRef = 1D2B6B5223447DA80052116A /* FilterParameters.swift */; };
		1D2B6B562344A1090052116A /* FilterParametersDataSource.swift in Sources */ = {isa = PBXBuildFile; fileRef = 1D2B6B552344A1090052116A /* FilterParametersDataSource.swift */; };
		1D8157622344FEB400D55352 /* FilterType.swift in Sources */ = {isa = PBXBuildFile; fileRef = 1D8157612344FEB400D55352 /* FilterType.swift */; };
		1D9029E7234315A9009C500D /* AppDelegate.swift in Sources */ = {isa = PBXBuildFile; fileRef = 1D9029E6234315A9009C500D /* AppDelegate.swift */; };
		1D9029F0234315AB009C500D /* Assets.xcassets in Resources */ = {isa = PBXBuildFile; fileRef = 1D9029EF234315AB009C500D /* Assets.xcassets */; };
		1D9029F3234315AB009C500D /* LaunchScreen.storyboard in Resources */ = {isa = PBXBuildFile; fileRef = 1D9029F1234315AB009C500D /* LaunchScreen.storyboard */; };
		1D9029FE234315AB009C500D /* GitHubSearchTests.swift in Sources */ = {isa = PBXBuildFile; fileRef = 1D9029FD234315AB009C500D /* GitHubSearchTests.swift */; };
		1D902A09234315AB009C500D /* GitHubSearchUITests.swift in Sources */ = {isa = PBXBuildFile; fileRef = 1D902A08234315AB009C500D /* GitHubSearchUITests.swift */; };
		1D902A1823431679009C500D /* ApplicationManager.swift in Sources */ = {isa = PBXBuildFile; fileRef = 1D902A1723431679009C500D /* ApplicationManager.swift */; };
		1DADB2DB234319B5004DEFC0 /* SearchInterfaces.swift in Sources */ = {isa = PBXBuildFile; fileRef = 1DADB2D5234319B5004DEFC0 /* SearchInterfaces.swift */; };
		1DADB2DC234319B5004DEFC0 /* SearchPresenter.swift in Sources */ = {isa = PBXBuildFile; fileRef = 1DADB2D6234319B5004DEFC0 /* SearchPresenter.swift */; };
		1DADB2DD234319B5004DEFC0 /* SearchViewController.swift in Sources */ = {isa = PBXBuildFile; fileRef = 1DADB2D7234319B5004DEFC0 /* SearchViewController.swift */; };
		1DADB2DE234319B5004DEFC0 /* SearchInteractor.swift in Sources */ = {isa = PBXBuildFile; fileRef = 1DADB2D8234319B5004DEFC0 /* SearchInteractor.swift */; };
		1DADB2DF234319B5004DEFC0 /* SearchViewModel.swift in Sources */ = {isa = PBXBuildFile; fileRef = 1DADB2D9234319B5004DEFC0 /* SearchViewModel.swift */; };
		1DADB2E0234319B5004DEFC0 /* SearchWireframe.swift in Sources */ = {isa = PBXBuildFile; fileRef = 1DADB2DA234319B5004DEFC0 /* SearchWireframe.swift */; };
		1DADB2E423432207004DEFC0 /* RxCocoa.framework in Frameworks */ = {isa = PBXBuildFile; fileRef = 1DADB2E323432207004DEFC0 /* RxCocoa.framework */; };
		1DADB2E523432207004DEFC0 /* RxCocoa.framework in Embed Frameworks */ = {isa = PBXBuildFile; fileRef = 1DADB2E323432207004DEFC0 /* RxCocoa.framework */; settings = {ATTRIBUTES = (CodeSignOnCopy, RemoveHeadersOnCopy, ); }; };
		1DADB2E82343220B004DEFC0 /* RxSwift.framework in Frameworks */ = {isa = PBXBuildFile; fileRef = 1DADB2E72343220B004DEFC0 /* RxSwift.framework */; };
		1DADB2E92343220B004DEFC0 /* RxSwift.framework in Embed Frameworks */ = {isa = PBXBuildFile; fileRef = 1DADB2E72343220B004DEFC0 /* RxSwift.framework */; settings = {ATTRIBUTES = (CodeSignOnCopy, RemoveHeadersOnCopy, ); }; };
		1DADB2EB2343220F004DEFC0 /* SnapKit.framework in Frameworks */ = {isa = PBXBuildFile; fileRef = 1DADB2EA2343220F004DEFC0 /* SnapKit.framework */; };
		1DADB2EC2343220F004DEFC0 /* SnapKit.framework in Embed Frameworks */ = {isa = PBXBuildFile; fileRef = 1DADB2EA2343220F004DEFC0 /* SnapKit.framework */; settings = {ATTRIBUTES = (CodeSignOnCopy, RemoveHeadersOnCopy, ); }; };
		1DADB2EE23432213004DEFC0 /* SimpleDataSource.framework in Frameworks */ = {isa = PBXBuildFile; fileRef = 1DADB2ED23432213004DEFC0 /* SimpleDataSource.framework */; };
		1DADB2EF23432213004DEFC0 /* SimpleDataSource.framework in Embed Frameworks */ = {isa = PBXBuildFile; fileRef = 1DADB2ED23432213004DEFC0 /* SimpleDataSource.framework */; settings = {ATTRIBUTES = (CodeSignOnCopy, RemoveHeadersOnCopy, ); }; };
		1DADB2F3234323D9004DEFC0 /* UIViewController+TopMostViewController.swift in Sources */ = {isa = PBXBuildFile; fileRef = 1DADB2F2234323D9004DEFC0 /* UIViewController+TopMostViewController.swift */; };
		1DADB2F723432419004DEFC0 /* Wireframe.swift in Sources */ = {isa = PBXBuildFile; fileRef = 1DADB2F623432419004DEFC0 /* Wireframe.swift */; };
		1DADB2FB234324F7004DEFC0 /* ViewController.swift in Sources */ = {isa = PBXBuildFile; fileRef = 1DADB2FA234324F7004DEFC0 /* ViewController.swift */; };
		1DADB2FD23432675004DEFC0 /* RxRelay.framework in Frameworks */ = {isa = PBXBuildFile; fileRef = 1DADB2FC23432675004DEFC0 /* RxRelay.framework */; };
		1DADB2FE23432675004DEFC0 /* RxRelay.framework in Embed Frameworks */ = {isa = PBXBuildFile; fileRef = 1DADB2FC23432675004DEFC0 /* RxRelay.framework */; settings = {ATTRIBUTES = (CodeSignOnCopy, RemoveHeadersOnCopy, ); }; };
		1DADB301234331E1004DEFC0 /* NavigationController.swift in Sources */ = {isa = PBXBuildFile; fileRef = 1DADB300234331E1004DEFC0 /* NavigationController.swift */; };
		1DADB303234341FA004DEFC0 /* FontManager.swift in Sources */ = {isa = PBXBuildFile; fileRef = 1DADB302234341FA004DEFC0 /* FontManager.swift */; };
		1DADB30523434446004DEFC0 /* ColorManager.swift in Sources */ = {isa = PBXBuildFile; fileRef = 1DADB30423434446004DEFC0 /* ColorManager.swift */; };
		1DADB30823434F31004DEFC0 /* RepositoryTableViewCell.swift in Sources */ = {isa = PBXBuildFile; fileRef = 1DADB30723434F31004DEFC0 /* RepositoryTableViewCell.swift */; };
		1DADB30C234375EA004DEFC0 /* SearchNetworkManager.swift in Sources */ = {isa = PBXBuildFile; fileRef = 1DADB30B234375EA004DEFC0 /* SearchNetworkManager.swift */; };
		1DADB30E23437709004DEFC0 /* NetworkManager.swift in Sources */ = {isa = PBXBuildFile; fileRef = 1DADB30D23437709004DEFC0 /* NetworkManager.swift */; };
		1DADB3102343771D004DEFC0 /* ResponseMapper.swift in Sources */ = {isa = PBXBuildFile; fileRef = 1DADB30F2343771D004DEFC0 /* ResponseMapper.swift */; };
		1DADB31223437875004DEFC0 /* NetworkErrorResponse.swift in Sources */ = {isa = PBXBuildFile; fileRef = 1DADB31123437875004DEFC0 /* NetworkErrorResponse.swift */; };
		1DADB31523437D05004DEFC0 /* RepoNetworkModel.swift in Sources */ = {isa = PBXBuildFile; fileRef = 1DADB31423437D05004DEFC0 /* RepoNetworkModel.swift */; };
/* End PBXBuildFile section */

/* Begin PBXContainerItemProxy section */
		1D9029FA234315AB009C500D /* PBXContainerItemProxy */ = {
			isa = PBXContainerItemProxy;
			containerPortal = 1D9029DB234315A9009C500D /* Project object */;
			proxyType = 1;
			remoteGlobalIDString = 1D9029E2234315A9009C500D;
			remoteInfo = GitHubSearch;
		};
		1D902A05234315AB009C500D /* PBXContainerItemProxy */ = {
			isa = PBXContainerItemProxy;
			containerPortal = 1D9029DB234315A9009C500D /* Project object */;
			proxyType = 1;
			remoteGlobalIDString = 1D9029E2234315A9009C500D;
			remoteInfo = GitHubSearch;
		};
/* End PBXContainerItemProxy section */

/* Begin PBXCopyFilesBuildPhase section */
		1DADB2E623432207004DEFC0 /* Embed Frameworks */ = {
			isa = PBXCopyFilesBuildPhase;
			buildActionMask = 2147483647;
			dstPath = "";
			dstSubfolderSpec = 10;
			files = (
				1DADB2EC2343220F004DEFC0 /* SnapKit.framework in Embed Frameworks */,
				1DADB2E92343220B004DEFC0 /* RxSwift.framework in Embed Frameworks */,
				1DADB2E523432207004DEFC0 /* RxCocoa.framework in Embed Frameworks */,
				1DADB2EF23432213004DEFC0 /* SimpleDataSource.framework in Embed Frameworks */,
				1D2B6B2F2343B36F0052116A /* SDWebImage.framework in Embed Frameworks */,
				1DADB2FE23432675004DEFC0 /* RxRelay.framework in Embed Frameworks */,
			);
			name = "Embed Frameworks";
			runOnlyForDeploymentPostprocessing = 0;
		};
/* End PBXCopyFilesBuildPhase section */

/* Begin PBXFileReference section */
		1D2B6B2823439F940052116A /* NetworkError.swift */ = {isa = PBXFileReference; lastKnownFileType = sourcecode.swift; path = NetworkError.swift; sourceTree = "<group>"; };
		1D2B6B2B2343ABA40052116A /* User.swift */ = {isa = PBXFileReference; lastKnownFileType = sourcecode.swift; path = User.swift; sourceTree = "<group>"; };
		1D2B6B2D2343B36F0052116A /* SDWebImage.framework */ = {isa = PBXFileReference; lastKnownFileType = wrapper.framework; name = SDWebImage.framework; path = Carthage/Build/iOS/SDWebImage.framework; sourceTree = "<group>"; };
		1D2B6B352343F0DE0052116A /* BarButton.swift */ = {isa = PBXFileReference; lastKnownFileType = sourcecode.swift; path = BarButton.swift; sourceTree = "<group>"; };
		1D2B6B382343F37A0052116A /* FilterInterfaces.swift */ = {isa = PBXFileReference; lastKnownFileType = sourcecode.swift; path = FilterInterfaces.swift; sourceTree = "<group>"; };
		1D2B6B392343F37A0052116A /* FilterPresenter.swift */ = {isa = PBXFileReference; lastKnownFileType = sourcecode.swift; path = FilterPresenter.swift; sourceTree = "<group>"; };
		1D2B6B3A2343F37A0052116A /* FilterViewController.swift */ = {isa = PBXFileReference; lastKnownFileType = sourcecode.swift; path = FilterViewController.swift; sourceTree = "<group>"; };
		1D2B6B3B2343F37A0052116A /* FilterInteractor.swift */ = {isa = PBXFileReference; lastKnownFileType = sourcecode.swift; path = FilterInteractor.swift; sourceTree = "<group>"; };
		1D2B6B3C2343F37A0052116A /* FilterViewModel.swift */ = {isa = PBXFileReference; lastKnownFileType = sourcecode.swift; path = FilterViewModel.swift; sourceTree = "<group>"; };
		1D2B6B3D2343F37A0052116A /* FilterWireframe.swift */ = {isa = PBXFileReference; lastKnownFileType = sourcecode.swift; path = FilterWireframe.swift; sourceTree = "<group>"; };
		1D2B6B4A23446F3A0052116A /* FilterTableViewCell.swift */ = {isa = PBXFileReference; lastKnownFileType = sourcecode.swift; path = FilterTableViewCell.swift; sourceTree = "<group>"; };
		1D2B6B4C234473CB0052116A /* UISegmentedControl.swift */ = {isa = PBXFileReference; lastKnownFileType = sourcecode.swift; path = UISegmentedControl.swift; sourceTree = "<group>"; };
		1D2B6B4E234475E50052116A /* SearchType.swift */ = {isa = PBXFileReference; lastKnownFileType = sourcecode.swift; path = SearchType.swift; sourceTree = "<group>"; };
		1D2B6B5023447C1D0052116A /* SortType.swift */ = {isa = PBXFileReference; lastKnownFileType = sourcecode.swift; path = SortType.swift; sourceTree = "<group>"; };
		1D2B6B5223447DA80052116A /* FilterParameters.swift */ = {isa = PBXFileReference; lastKnownFileType = sourcecode.swift; name = FilterParameters.swift; path = GitHubSearch/Modules/Search/FilterParameters.swift; sourceTree = SOURCE_ROOT; };
		1D2B6B552344A1090052116A /* FilterParametersDataSource.swift */ = {isa = PBXFileReference; lastKnownFileType = sourcecode.swift; path = FilterParametersDataSource.swift; sourceTree = "<group>"; };
		1D8157612344FEB400D55352 /* FilterType.swift */ = {isa = PBXFileReference; lastKnownFileType = sourcecode.swift; path = FilterType.swift; sourceTree = "<group>"; };
		1D9029E3234315A9009C500D /* GitHubSearch.app */ = {isa = PBXFileReference; explicitFileType = wrapper.application; includeInIndex = 0; path = GitHubSearch.app; sourceTree = BUILT_PRODUCTS_DIR; };
		1D9029E6234315A9009C500D /* AppDelegate.swift */ = {isa = PBXFileReference; lastKnownFileType = sourcecode.swift; path = AppDelegate.swift; sourceTree = "<group>"; };
		1D9029EF234315AB009C500D /* Assets.xcassets */ = {isa = PBXFileReference; lastKnownFileType = folder.assetcatalog; path = Assets.xcassets; sourceTree = "<group>"; };
		1D9029F2234315AB009C500D /* Base */ = {isa = PBXFileReference; lastKnownFileType = file.storyboard; name = Base; path = Base.lproj/LaunchScreen.storyboard; sourceTree = "<group>"; };
		1D9029F4234315AB009C500D /* Info.plist */ = {isa = PBXFileReference; lastKnownFileType = text.plist.xml; path = Info.plist; sourceTree = "<group>"; };
		1D9029F9234315AB009C500D /* GitHubSearchTests.xctest */ = {isa = PBXFileReference; explicitFileType = wrapper.cfbundle; includeInIndex = 0; path = GitHubSearchTests.xctest; sourceTree = BUILT_PRODUCTS_DIR; };
		1D9029FD234315AB009C500D /* GitHubSearchTests.swift */ = {isa = PBXFileReference; lastKnownFileType = sourcecode.swift; path = GitHubSearchTests.swift; sourceTree = "<group>"; };
		1D9029FF234315AB009C500D /* Info.plist */ = {isa = PBXFileReference; lastKnownFileType = text.plist.xml; path = Info.plist; sourceTree = "<group>"; };
		1D902A04234315AB009C500D /* GitHubSearchUITests.xctest */ = {isa = PBXFileReference; explicitFileType = wrapper.cfbundle; includeInIndex = 0; path = GitHubSearchUITests.xctest; sourceTree = BUILT_PRODUCTS_DIR; };
		1D902A08234315AB009C500D /* GitHubSearchUITests.swift */ = {isa = PBXFileReference; lastKnownFileType = sourcecode.swift; path = GitHubSearchUITests.swift; sourceTree = "<group>"; };
		1D902A0A234315AB009C500D /* Info.plist */ = {isa = PBXFileReference; lastKnownFileType = text.plist.xml; path = Info.plist; sourceTree = "<group>"; };
		1D902A1723431679009C500D /* ApplicationManager.swift */ = {isa = PBXFileReference; lastKnownFileType = sourcecode.swift; path = ApplicationManager.swift; sourceTree = "<group>"; };
		1DADB2D5234319B5004DEFC0 /* SearchInterfaces.swift */ = {isa = PBXFileReference; lastKnownFileType = sourcecode.swift; path = SearchInterfaces.swift; sourceTree = "<group>"; };
		1DADB2D6234319B5004DEFC0 /* SearchPresenter.swift */ = {isa = PBXFileReference; lastKnownFileType = sourcecode.swift; path = SearchPresenter.swift; sourceTree = "<group>"; };
		1DADB2D7234319B5004DEFC0 /* SearchViewController.swift */ = {isa = PBXFileReference; lastKnownFileType = sourcecode.swift; path = SearchViewController.swift; sourceTree = "<group>"; };
		1DADB2D8234319B5004DEFC0 /* SearchInteractor.swift */ = {isa = PBXFileReference; lastKnownFileType = sourcecode.swift; path = SearchInteractor.swift; sourceTree = "<group>"; };
		1DADB2D9234319B5004DEFC0 /* SearchViewModel.swift */ = {isa = PBXFileReference; lastKnownFileType = sourcecode.swift; path = SearchViewModel.swift; sourceTree = "<group>"; };
		1DADB2DA234319B5004DEFC0 /* SearchWireframe.swift */ = {isa = PBXFileReference; lastKnownFileType = sourcecode.swift; path = SearchWireframe.swift; sourceTree = "<group>"; };
		1DADB2E323432207004DEFC0 /* RxCocoa.framework */ = {isa = PBXFileReference; lastKnownFileType = wrapper.framework; name = RxCocoa.framework; path = Carthage/Build/iOS/RxCocoa.framework; sourceTree = "<group>"; };
		1DADB2E72343220B004DEFC0 /* RxSwift.framework */ = {isa = PBXFileReference; lastKnownFileType = wrapper.framework; name = RxSwift.framework; path = Carthage/Build/iOS/RxSwift.framework; sourceTree = "<group>"; };
		1DADB2EA2343220F004DEFC0 /* SnapKit.framework */ = {isa = PBXFileReference; lastKnownFileType = wrapper.framework; name = SnapKit.framework; path = Carthage/Build/iOS/SnapKit.framework; sourceTree = "<group>"; };
		1DADB2ED23432213004DEFC0 /* SimpleDataSource.framework */ = {isa = PBXFileReference; lastKnownFileType = wrapper.framework; name = SimpleDataSource.framework; path = Carthage/Build/iOS/SimpleDataSource.framework; sourceTree = "<group>"; };
		1DADB2F2234323D9004DEFC0 /* UIViewController+TopMostViewController.swift */ = {isa = PBXFileReference; lastKnownFileType = sourcecode.swift; path = "UIViewController+TopMostViewController.swift"; sourceTree = "<group>"; };
		1DADB2F623432419004DEFC0 /* Wireframe.swift */ = {isa = PBXFileReference; lastKnownFileType = sourcecode.swift; path = Wireframe.swift; sourceTree = "<group>"; };
		1DADB2FA234324F7004DEFC0 /* ViewController.swift */ = {isa = PBXFileReference; lastKnownFileType = sourcecode.swift; path = ViewController.swift; sourceTree = "<group>"; };
		1DADB2FC23432675004DEFC0 /* RxRelay.framework */ = {isa = PBXFileReference; lastKnownFileType = wrapper.framework; name = RxRelay.framework; path = Carthage/Build/iOS/RxRelay.framework; sourceTree = "<group>"; };
		1DADB300234331E1004DEFC0 /* NavigationController.swift */ = {isa = PBXFileReference; lastKnownFileType = sourcecode.swift; path = NavigationController.swift; sourceTree = "<group>"; };
		1DADB302234341FA004DEFC0 /* FontManager.swift */ = {isa = PBXFileReference; lastKnownFileType = sourcecode.swift; path = FontManager.swift; sourceTree = "<group>"; };
		1DADB30423434446004DEFC0 /* ColorManager.swift */ = {isa = PBXFileReference; lastKnownFileType = sourcecode.swift; path = ColorManager.swift; sourceTree = "<group>"; };
		1DADB30723434F31004DEFC0 /* RepositoryTableViewCell.swift */ = {isa = PBXFileReference; lastKnownFileType = sourcecode.swift; path = RepositoryTableViewCell.swift; sourceTree = "<group>"; };
		1DADB30B234375EA004DEFC0 /* SearchNetworkManager.swift */ = {isa = PBXFileReference; lastKnownFileType = sourcecode.swift; path = SearchNetworkManager.swift; sourceTree = "<group>"; };
		1DADB30D23437709004DEFC0 /* NetworkManager.swift */ = {isa = PBXFileReference; lastKnownFileType = sourcecode.swift; path = NetworkManager.swift; sourceTree = "<group>"; };
		1DADB30F2343771D004DEFC0 /* ResponseMapper.swift */ = {isa = PBXFileReference; lastKnownFileType = sourcecode.swift; path = ResponseMapper.swift; sourceTree = "<group>"; };
		1DADB31123437875004DEFC0 /* NetworkErrorResponse.swift */ = {isa = PBXFileReference; lastKnownFileType = sourcecode.swift; path = NetworkErrorResponse.swift; sourceTree = "<group>"; };
		1DADB31423437D05004DEFC0 /* RepoNetworkModel.swift */ = {isa = PBXFileReference; lastKnownFileType = sourcecode.swift; path = RepoNetworkModel.swift; sourceTree = "<group>"; };
/* End PBXFileReference section */

/* Begin PBXFrameworksBuildPhase section */
		1D9029E0234315A9009C500D /* Frameworks */ = {
			isa = PBXFrameworksBuildPhase;
			buildActionMask = 2147483647;
			files = (
				1DADB2EB2343220F004DEFC0 /* SnapKit.framework in Frameworks */,
				1DADB2E82343220B004DEFC0 /* RxSwift.framework in Frameworks */,
				1DADB2E423432207004DEFC0 /* RxCocoa.framework in Frameworks */,
				1DADB2EE23432213004DEFC0 /* SimpleDataSource.framework in Frameworks */,
				1D2B6B2E2343B36F0052116A /* SDWebImage.framework in Frameworks */,
				1DADB2FD23432675004DEFC0 /* RxRelay.framework in Frameworks */,
			);
			runOnlyForDeploymentPostprocessing = 0;
		};
		1D9029F6234315AB009C500D /* Frameworks */ = {
			isa = PBXFrameworksBuildPhase;
			buildActionMask = 2147483647;
			files = (
			);
			runOnlyForDeploymentPostprocessing = 0;
		};
		1D902A01234315AB009C500D /* Frameworks */ = {
			isa = PBXFrameworksBuildPhase;
			buildActionMask = 2147483647;
			files = (
			);
			runOnlyForDeploymentPostprocessing = 0;
		};
/* End PBXFrameworksBuildPhase section */

/* Begin PBXGroup section */
		1D2B6B2A2343AB9B0052116A /* Models */ = {
			isa = PBXGroup;
			children = (
				1D2B6B2B2343ABA40052116A /* User.swift */,
				1D2B6B4E234475E50052116A /* SearchType.swift */,
				1D2B6B5023447C1D0052116A /* SortType.swift */,
				1D8157612344FEB400D55352 /* FilterType.swift */,
			);
			path = Models;
			sourceTree = "<group>";
		};
		1D2B6B322343E58F0052116A /* Search */ = {
			isa = PBXGroup;
			children = (
				1DADB2D5234319B5004DEFC0 /* SearchInterfaces.swift */,
				1DADB2DA234319B5004DEFC0 /* SearchWireframe.swift */,
				1DADB2D6234319B5004DEFC0 /* SearchPresenter.swift */,
				1DADB2D7234319B5004DEFC0 /* SearchViewController.swift */,
				1DADB2D8234319B5004DEFC0 /* SearchInteractor.swift */,
				1DADB2D9234319B5004DEFC0 /* SearchViewModel.swift */,
			);
			path = Search;
			sourceTree = "<group>";
		};
		1D2B6B332343F0CC0052116A /* Views */ = {
			isa = PBXGroup;
			children = (
				1D2B6B342343F0D10052116A /* Buttons */,
			);
			path = Views;
			sourceTree = "<group>";
		};
		1D2B6B342343F0D10052116A /* Buttons */ = {
			isa = PBXGroup;
			children = (
				1D2B6B352343F0DE0052116A /* BarButton.swift */,
			);
			path = Buttons;
			sourceTree = "<group>";
		};
		1D2B6B372343F3690052116A /* Filter */ = {
			isa = PBXGroup;
			children = (
				1D2B6B3D2343F37A0052116A /* FilterWireframe.swift */,
				1D2B6B382343F37A0052116A /* FilterInterfaces.swift */,
				1D2B6B392343F37A0052116A /* FilterPresenter.swift */,
				1D2B6B3A2343F37A0052116A /* FilterViewController.swift */,
				1D2B6B3B2343F37A0052116A /* FilterInteractor.swift */,
				1D2B6B3C2343F37A0052116A /* FilterViewModel.swift */,
				1D2B6B5223447DA80052116A /* FilterParameters.swift */,
			);
			path = Filter;
			sourceTree = "<group>";
		};
		1D2B6B542344A0F40052116A /* DataSources */ = {
			isa = PBXGroup;
			children = (
				1D2B6B552344A1090052116A /* FilterParametersDataSource.swift */,
			);
			path = DataSources;
			sourceTree = "<group>";
		};
		1D9029DA234315A9009C500D = {
			isa = PBXGroup;
			children = (
				1D9029E5234315A9009C500D /* GitHubSearch */,
				1D9029FC234315AB009C500D /* GitHubSearchTests */,
				1D902A07234315AB009C500D /* GitHubSearchUITests */,
				1D9029E4234315A9009C500D /* Products */,
				1DADB2E223432207004DEFC0 /* Frameworks */,
			);
			sourceTree = "<group>";
		};
		1D9029E4234315A9009C500D /* Products */ = {
			isa = PBXGroup;
			children = (
				1D9029E3234315A9009C500D /* GitHubSearch.app */,
				1D9029F9234315AB009C500D /* GitHubSearchTests.xctest */,
				1D902A04234315AB009C500D /* GitHubSearchUITests.xctest */,
			);
			name = Products;
			sourceTree = "<group>";
		};
		1D9029E5234315A9009C500D /* GitHubSearch */ = {
			isa = PBXGroup;
			children = (
				1D2B6B542344A0F40052116A /* DataSources */,
				1D2B6B2A2343AB9B0052116A /* Models */,
				1DADB309234375CD004DEFC0 /* API */,
				1DADB2F8234324E3004DEFC0 /* UI */,
				1DADB2F423432407004DEFC0 /* Helpers */,
				1DADB2F0234323B5004DEFC0 /* Extensions */,
				1D902A162343166D009C500D /* Managers */,
				1D902A19234317C4009C500D /* Modules */,
				1D9029E6234315A9009C500D /* AppDelegate.swift */,
				1D9029EF234315AB009C500D /* Assets.xcassets */,
				1D9029F1234315AB009C500D /* LaunchScreen.storyboard */,
				1D9029F4234315AB009C500D /* Info.plist */,
			);
			path = GitHubSearch;
			sourceTree = "<group>";
		};
		1D9029FC234315AB009C500D /* GitHubSearchTests */ = {
			isa = PBXGroup;
			children = (
				1D9029FD234315AB009C500D /* GitHubSearchTests.swift */,
				1D9029FF234315AB009C500D /* Info.plist */,
			);
			path = GitHubSearchTests;
			sourceTree = "<group>";
		};
		1D902A07234315AB009C500D /* GitHubSearchUITests */ = {
			isa = PBXGroup;
			children = (
				1D902A08234315AB009C500D /* GitHubSearchUITests.swift */,
				1D902A0A234315AB009C500D /* Info.plist */,
			);
			path = GitHubSearchUITests;
			sourceTree = "<group>";
		};
		1D902A162343166D009C500D /* Managers */ = {
			isa = PBXGroup;
			children = (
				1D902A1723431679009C500D /* ApplicationManager.swift */,
				1DADB302234341FA004DEFC0 /* FontManager.swift */,
				1DADB30423434446004DEFC0 /* ColorManager.swift */,
			);
			path = Managers;
			sourceTree = "<group>";
		};
		1D902A19234317C4009C500D /* Modules */ = {
			isa = PBXGroup;
			children = (
				1D2B6B372343F3690052116A /* Filter */,
				1D2B6B322343E58F0052116A /* Search */,
			);
			path = Modules;
			sourceTree = "<group>";
		};
		1DADB2E223432207004DEFC0 /* Frameworks */ = {
			isa = PBXGroup;
			children = (
				1D2B6B2D2343B36F0052116A /* SDWebImage.framework */,
				1DADB2FC23432675004DEFC0 /* RxRelay.framework */,
				1DADB2ED23432213004DEFC0 /* SimpleDataSource.framework */,
				1DADB2EA2343220F004DEFC0 /* SnapKit.framework */,
				1DADB2E72343220B004DEFC0 /* RxSwift.framework */,
				1DADB2E323432207004DEFC0 /* RxCocoa.framework */,
			);
			name = Frameworks;
			sourceTree = "<group>";
		};
		1DADB2F0234323B5004DEFC0 /* Extensions */ = {
			isa = PBXGroup;
			children = (
				1DADB2F1234323C4004DEFC0 /* UIKit */,
			);
			path = Extensions;
			sourceTree = "<group>";
		};
		1DADB2F1234323C4004DEFC0 /* UIKit */ = {
			isa = PBXGroup;
			children = (
				1DADB2F2234323D9004DEFC0 /* UIViewController+TopMostViewController.swift */,
				1D2B6B4C234473CB0052116A /* UISegmentedControl.swift */,
			);
			path = UIKit;
			sourceTree = "<group>";
		};
		1DADB2F423432407004DEFC0 /* Helpers */ = {
			isa = PBXGroup;
			children = (
				1DADB2F52343240E004DEFC0 /* VIPER */,
			);
			path = Helpers;
			sourceTree = "<group>";
		};
		1DADB2F52343240E004DEFC0 /* VIPER */ = {
			isa = PBXGroup;
			children = (
				1DADB2F623432419004DEFC0 /* Wireframe.swift */,
			);
			path = VIPER;
			sourceTree = "<group>";
		};
		1DADB2F8234324E3004DEFC0 /* UI */ = {
			isa = PBXGroup;
			children = (
				1D2B6B332343F0CC0052116A /* Views */,
				1DADB30623434F0D004DEFC0 /* Cells */,
				1DADB2F9234324E9004DEFC0 /* Generics */,
			);
			path = UI;
			sourceTree = "<group>";
		};
		1DADB2F9234324E9004DEFC0 /* Generics */ = {
			isa = PBXGroup;
			children = (
				1DADB2FA234324F7004DEFC0 /* ViewController.swift */,
				1DADB300234331E1004DEFC0 /* NavigationController.swift */,
			);
			path = Generics;
			sourceTree = "<group>";
		};
		1DADB30623434F0D004DEFC0 /* Cells */ = {
			isa = PBXGroup;
			children = (
				1DADB30723434F31004DEFC0 /* RepositoryTableViewCell.swift */,
				1D2B6B4A23446F3A0052116A /* FilterTableViewCell.swift */,
			);
			path = Cells;
			sourceTree = "<group>";
		};
		1DADB309234375CD004DEFC0 /* API */ = {
			isa = PBXGroup;
			children = (
				1DADB31323437CEF004DEFC0 /* NetworkModel */,
				1DADB30A234375DC004DEFC0 /* Search */,
				1DADB30D23437709004DEFC0 /* NetworkManager.swift */,
				1DADB30F2343771D004DEFC0 /* ResponseMapper.swift */,
				1DADB31123437875004DEFC0 /* NetworkErrorResponse.swift */,
				1D2B6B2823439F940052116A /* NetworkError.swift */,
			);
			path = API;
			sourceTree = "<group>";
		};
		1DADB30A234375DC004DEFC0 /* Search */ = {
			isa = PBXGroup;
			children = (
				1DADB30B234375EA004DEFC0 /* SearchNetworkManager.swift */,
			);
			path = Search;
			sourceTree = "<group>";
		};
		1DADB31323437CEF004DEFC0 /* NetworkModel */ = {
			isa = PBXGroup;
			children = (
				1DADB31423437D05004DEFC0 /* RepoNetworkModel.swift */,
			);
			path = NetworkModel;
			sourceTree = "<group>";
		};
/* End PBXGroup section */

/* Begin PBXNativeTarget section */
		1D9029E2234315A9009C500D /* GitHubSearch */ = {
			isa = PBXNativeTarget;
			buildConfigurationList = 1D902A0D234315AB009C500D /* Build configuration list for PBXNativeTarget "GitHubSearch" */;
			buildPhases = (
				1D9029DF234315A9009C500D /* Sources */,
				1D9029E0234315A9009C500D /* Frameworks */,
				1D9029E1234315A9009C500D /* Resources */,
				1DADB2E623432207004DEFC0 /* Embed Frameworks */,
				1DADB2E12343215A004DEFC0 /* Carthage */,
				1DADB2FF23432E44004DEFC0 /* Swiftlint */,
			);
			buildRules = (
			);
			dependencies = (
			);
			name = GitHubSearch;
			productName = GitHubSearch;
			productReference = 1D9029E3234315A9009C500D /* GitHubSearch.app */;
			productType = "com.apple.product-type.application";
		};
		1D9029F8234315AB009C500D /* GitHubSearchTests */ = {
			isa = PBXNativeTarget;
			buildConfigurationList = 1D902A10234315AB009C500D /* Build configuration list for PBXNativeTarget "GitHubSearchTests" */;
			buildPhases = (
				1D9029F5234315AB009C500D /* Sources */,
				1D9029F6234315AB009C500D /* Frameworks */,
				1D9029F7234315AB009C500D /* Resources */,
			);
			buildRules = (
			);
			dependencies = (
				1D9029FB234315AB009C500D /* PBXTargetDependency */,
			);
			name = GitHubSearchTests;
			productName = GitHubSearchTests;
			productReference = 1D9029F9234315AB009C500D /* GitHubSearchTests.xctest */;
			productType = "com.apple.product-type.bundle.unit-test";
		};
		1D902A03234315AB009C500D /* GitHubSearchUITests */ = {
			isa = PBXNativeTarget;
			buildConfigurationList = 1D902A13234315AB009C500D /* Build configuration list for PBXNativeTarget "GitHubSearchUITests" */;
			buildPhases = (
				1D902A00234315AB009C500D /* Sources */,
				1D902A01234315AB009C500D /* Frameworks */,
				1D902A02234315AB009C500D /* Resources */,
			);
			buildRules = (
			);
			dependencies = (
				1D902A06234315AB009C500D /* PBXTargetDependency */,
			);
			name = GitHubSearchUITests;
			productName = GitHubSearchUITests;
			productReference = 1D902A04234315AB009C500D /* GitHubSearchUITests.xctest */;
			productType = "com.apple.product-type.bundle.ui-testing";
		};
/* End PBXNativeTarget section */

/* Begin PBXProject section */
		1D9029DB234315A9009C500D /* Project object */ = {
			isa = PBXProject;
			attributes = {
				LastSwiftUpdateCheck = 1100;
				LastUpgradeCheck = 1100;
				ORGANIZATIONNAME = "Josip Glasovac";
				TargetAttributes = {
					1D9029E2234315A9009C500D = {
						CreatedOnToolsVersion = 11.0;
					};
					1D9029F8234315AB009C500D = {
						CreatedOnToolsVersion = 11.0;
						TestTargetID = 1D9029E2234315A9009C500D;
					};
					1D902A03234315AB009C500D = {
						CreatedOnToolsVersion = 11.0;
						TestTargetID = 1D9029E2234315A9009C500D;
					};
				};
			};
			buildConfigurationList = 1D9029DE234315A9009C500D /* Build configuration list for PBXProject "GitHubSearch" */;
			compatibilityVersion = "Xcode 9.3";
			developmentRegion = en;
			hasScannedForEncodings = 0;
			knownRegions = (
				en,
				Base,
			);
			mainGroup = 1D9029DA234315A9009C500D;
			productRefGroup = 1D9029E4234315A9009C500D /* Products */;
			projectDirPath = "";
			projectRoot = "";
			targets = (
				1D9029E2234315A9009C500D /* GitHubSearch */,
				1D9029F8234315AB009C500D /* GitHubSearchTests */,
				1D902A03234315AB009C500D /* GitHubSearchUITests */,
			);
		};
/* End PBXProject section */

/* Begin PBXResourcesBuildPhase section */
		1D9029E1234315A9009C500D /* Resources */ = {
			isa = PBXResourcesBuildPhase;
			buildActionMask = 2147483647;
			files = (
				1D9029F3234315AB009C500D /* LaunchScreen.storyboard in Resources */,
				1D9029F0234315AB009C500D /* Assets.xcassets in Resources */,
			);
			runOnlyForDeploymentPostprocessing = 0;
		};
		1D9029F7234315AB009C500D /* Resources */ = {
			isa = PBXResourcesBuildPhase;
			buildActionMask = 2147483647;
			files = (
			);
			runOnlyForDeploymentPostprocessing = 0;
		};
		1D902A02234315AB009C500D /* Resources */ = {
			isa = PBXResourcesBuildPhase;
			buildActionMask = 2147483647;
			files = (
			);
			runOnlyForDeploymentPostprocessing = 0;
		};
/* End PBXResourcesBuildPhase section */

/* Begin PBXShellScriptBuildPhase section */
		1DADB2E12343215A004DEFC0 /* Carthage */ = {
			isa = PBXShellScriptBuildPhase;
			buildActionMask = 2147483647;
			files = (
			);
			inputFileListPaths = (
			);
			inputPaths = (
				"$(SRCROOT)/Carthage/Build/iOS/RxSwift.framework",
				"$(SRCROOT)/Carthage/Build/iOS/RxCocoa.framework",
				"$(SRCROOT)/Carthage/Build/iOS/Alamofire.framework",
				"$(SRCROOT)/Carthage/Build/iOS/SnapKit.framework",
				"$(SRCROOT)/Carthage/Build/iOS/SimpleDataSource.framework",
				"$(SRCROOT)/Carthage/Build/iOS/RxRelay.framework",
				"$(SRCROOT)/Carthage/Build/iOS/SDWebImage.framework",
			);
			name = Carthage;
			outputFileListPaths = (
			);
			outputPaths = (
				"$(BUILT_PRODUCTS_DIR)/$(FRAMEWORKS_FOLDER_PATH)/RxSwift.framework",
				"$(BUILT_PRODUCTS_DIR)/$(FRAMEWORKS_FOLDER_PATH)/RxCocoa.framework",
				"$(BUILT_PRODUCTS_DIR)/$(FRAMEWORKS_FOLDER_PATH)/Alamofire.framework",
				"$(BUILT_PRODUCTS_DIR)/$(FRAMEWORKS_FOLDER_PATH)/SnapKit.framework",
				"$(BUILT_PRODUCTS_DIR)/$(FRAMEWORKS_FOLDER_PATH)/SimpleDataSource.framework",
				"$(BUILT_PRODUCTS_DIR)/$(FRAMEWORKS_FOLDER_PATH)/RxRelay.framework",
				"$(BUILT_PRODUCTS_DIR)/$(FRAMEWORKS_FOLDER_PATH)/SDWebImage.framework",
			);
			runOnlyForDeploymentPostprocessing = 0;
			shellPath = /bin/sh;
			shellScript = "/usr/local/bin/carthage copy-frameworks\n\n";
		};
		1DADB2FF23432E44004DEFC0 /* Swiftlint */ = {
			isa = PBXShellScriptBuildPhase;
			buildActionMask = 2147483647;
			files = (
			);
			inputFileListPaths = (
			);
			inputPaths = (
			);
			name = Swiftlint;
			outputFileListPaths = (
			);
			outputPaths = (
			);
			runOnlyForDeploymentPostprocessing = 0;
			shellPath = /bin/sh;
			shellScript = "if which swiftlint >/dev/null; then\nswiftlint\nelse\necho \"warning: SwiftLint not installed, download from https://github.com/realm/SwiftLint\"\nfi\n";
		};
/* End PBXShellScriptBuildPhase section */

/* Begin PBXSourcesBuildPhase section */
		1D9029DF234315A9009C500D /* Sources */ = {
			isa = PBXSourcesBuildPhase;
			buildActionMask = 2147483647;
			files = (
				1DADB30C234375EA004DEFC0 /* SearchNetworkManager.swift in Sources */,
				1DADB2DD234319B5004DEFC0 /* SearchViewController.swift in Sources */,
				1DADB301234331E1004DEFC0 /* NavigationController.swift in Sources */,
				1DADB2DF234319B5004DEFC0 /* SearchViewModel.swift in Sources */,
				1D9029E7234315A9009C500D /* AppDelegate.swift in Sources */,
				1DADB2F3234323D9004DEFC0 /* UIViewController+TopMostViewController.swift in Sources */,
				1DADB30823434F31004DEFC0 /* RepositoryTableViewCell.swift in Sources */,
				1DADB2F723432419004DEFC0 /* Wireframe.swift in Sources */,
				1DADB2FB234324F7004DEFC0 /* ViewController.swift in Sources */,
				1DADB31223437875004DEFC0 /* NetworkErrorResponse.swift in Sources */,
				1D2B6B2C2343ABA40052116A /* User.swift in Sources */,
				1D2B6B4D234473CB0052116A /* UISegmentedControl.swift in Sources */,
				1DADB30523434446004DEFC0 /* ColorManager.swift in Sources */,
				1D2B6B4F234475E50052116A /* SearchType.swift in Sources */,
				1DADB30E23437709004DEFC0 /* NetworkManager.swift in Sources */,
				1D2B6B5323447DA80052116A /* FilterParameters.swift in Sources */,
				1D2B6B3F2343F37A0052116A /* FilterPresenter.swift in Sources */,
				1D2B6B562344A1090052116A /* FilterParametersDataSource.swift in Sources */,
				1D2B6B422343F37A0052116A /* FilterViewModel.swift in Sources */,
				1DADB2DC234319B5004DEFC0 /* SearchPresenter.swift in Sources */,
				1D902A1823431679009C500D /* ApplicationManager.swift in Sources */,
				1DADB31523437D05004DEFC0 /* RepoNetworkModel.swift in Sources */,
				1D2B6B4B23446F3A0052116A /* FilterTableViewCell.swift in Sources */,
				1D2B6B2923439F940052116A /* NetworkError.swift in Sources */,
				1DADB2DB234319B5004DEFC0 /* SearchInterfaces.swift in Sources */,
				1DADB303234341FA004DEFC0 /* FontManager.swift in Sources */,
				1D2B6B412343F37A0052116A /* FilterInteractor.swift in Sources */,
				1D2B6B402343F37A0052116A /* FilterViewController.swift in Sources */,
				1D2B6B3E2343F37A0052116A /* FilterInterfaces.swift in Sources */,
				1D2B6B362343F0DE0052116A /* BarButton.swift in Sources */,
				1DADB3102343771D004DEFC0 /* ResponseMapper.swift in Sources */,
				1D2B6B5123447C1D0052116A /* SortType.swift in Sources */,
				1DADB2DE234319B5004DEFC0 /* SearchInteractor.swift in Sources */,
				1DADB2E0234319B5004DEFC0 /* SearchWireframe.swift in Sources */,
				1D2B6B432343F37A0052116A /* FilterWireframe.swift in Sources */,
				1D8157622344FEB400D55352 /* FilterType.swift in Sources */,
			);
			runOnlyForDeploymentPostprocessing = 0;
		};
		1D9029F5234315AB009C500D /* Sources */ = {
			isa = PBXSourcesBuildPhase;
			buildActionMask = 2147483647;
			files = (
				1D9029FE234315AB009C500D /* GitHubSearchTests.swift in Sources */,
			);
			runOnlyForDeploymentPostprocessing = 0;
		};
		1D902A00234315AB009C500D /* Sources */ = {
			isa = PBXSourcesBuildPhase;
			buildActionMask = 2147483647;
			files = (
				1D902A09234315AB009C500D /* GitHubSearchUITests.swift in Sources */,
			);
			runOnlyForDeploymentPostprocessing = 0;
		};
/* End PBXSourcesBuildPhase section */

/* Begin PBXTargetDependency section */
		1D9029FB234315AB009C500D /* PBXTargetDependency */ = {
			isa = PBXTargetDependency;
			target = 1D9029E2234315A9009C500D /* GitHubSearch */;
			targetProxy = 1D9029FA234315AB009C500D /* PBXContainerItemProxy */;
		};
		1D902A06234315AB009C500D /* PBXTargetDependency */ = {
			isa = PBXTargetDependency;
			target = 1D9029E2234315A9009C500D /* GitHubSearch */;
			targetProxy = 1D902A05234315AB009C500D /* PBXContainerItemProxy */;
		};
/* End PBXTargetDependency section */

/* Begin PBXVariantGroup section */
		1D9029F1234315AB009C500D /* LaunchScreen.storyboard */ = {
			isa = PBXVariantGroup;
			children = (
				1D9029F2234315AB009C500D /* Base */,
			);
			name = LaunchScreen.storyboard;
			sourceTree = "<group>";
		};
/* End PBXVariantGroup section */

/* Begin XCBuildConfiguration section */
		1D902A0B234315AB009C500D /* Debug */ = {
			isa = XCBuildConfiguration;
			buildSettings = {
				ALWAYS_SEARCH_USER_PATHS = NO;
				CLANG_ANALYZER_NONNULL = YES;
				CLANG_ANALYZER_NUMBER_OBJECT_CONVERSION = YES_AGGRESSIVE;
				CLANG_CXX_LANGUAGE_STANDARD = "gnu++14";
				CLANG_CXX_LIBRARY = "libc++";
				CLANG_ENABLE_MODULES = YES;
				CLANG_ENABLE_OBJC_ARC = YES;
				CLANG_ENABLE_OBJC_WEAK = YES;
				CLANG_WARN_BLOCK_CAPTURE_AUTORELEASING = YES;
				CLANG_WARN_BOOL_CONVERSION = YES;
				CLANG_WARN_COMMA = YES;
				CLANG_WARN_CONSTANT_CONVERSION = YES;
				CLANG_WARN_DEPRECATED_OBJC_IMPLEMENTATIONS = YES;
				CLANG_WARN_DIRECT_OBJC_ISA_USAGE = YES_ERROR;
				CLANG_WARN_DOCUMENTATION_COMMENTS = YES;
				CLANG_WARN_EMPTY_BODY = YES;
				CLANG_WARN_ENUM_CONVERSION = YES;
				CLANG_WARN_INFINITE_RECURSION = YES;
				CLANG_WARN_INT_CONVERSION = YES;
				CLANG_WARN_NON_LITERAL_NULL_CONVERSION = YES;
				CLANG_WARN_OBJC_IMPLICIT_RETAIN_SELF = YES;
				CLANG_WARN_OBJC_LITERAL_CONVERSION = YES;
				CLANG_WARN_OBJC_ROOT_CLASS = YES_ERROR;
				CLANG_WARN_RANGE_LOOP_ANALYSIS = YES;
				CLANG_WARN_STRICT_PROTOTYPES = YES;
				CLANG_WARN_SUSPICIOUS_MOVE = YES;
				CLANG_WARN_UNGUARDED_AVAILABILITY = YES_AGGRESSIVE;
				CLANG_WARN_UNREACHABLE_CODE = YES;
				CLANG_WARN__DUPLICATE_METHOD_MATCH = YES;
				COPY_PHASE_STRIP = NO;
				DEBUG_INFORMATION_FORMAT = dwarf;
				ENABLE_STRICT_OBJC_MSGSEND = YES;
				ENABLE_TESTABILITY = YES;
				GCC_C_LANGUAGE_STANDARD = gnu11;
				GCC_DYNAMIC_NO_PIC = NO;
				GCC_NO_COMMON_BLOCKS = YES;
				GCC_OPTIMIZATION_LEVEL = 0;
				GCC_PREPROCESSOR_DEFINITIONS = (
					"DEBUG=1",
					"$(inherited)",
				);
				GCC_WARN_64_TO_32_BIT_CONVERSION = YES;
				GCC_WARN_ABOUT_RETURN_TYPE = YES_ERROR;
				GCC_WARN_UNDECLARED_SELECTOR = YES;
				GCC_WARN_UNINITIALIZED_AUTOS = YES_AGGRESSIVE;
				GCC_WARN_UNUSED_FUNCTION = YES;
				GCC_WARN_UNUSED_VARIABLE = YES;
				IPHONEOS_DEPLOYMENT_TARGET = 13.0;
				MTL_ENABLE_DEBUG_INFO = INCLUDE_SOURCE;
				MTL_FAST_MATH = YES;
				ONLY_ACTIVE_ARCH = YES;
				SDKROOT = iphoneos;
				SWIFT_ACTIVE_COMPILATION_CONDITIONS = DEBUG;
				SWIFT_OPTIMIZATION_LEVEL = "-Onone";
			};
			name = Debug;
		};
		1D902A0C234315AB009C500D /* Release */ = {
			isa = XCBuildConfiguration;
			buildSettings = {
				ALWAYS_SEARCH_USER_PATHS = NO;
				CLANG_ANALYZER_NONNULL = YES;
				CLANG_ANALYZER_NUMBER_OBJECT_CONVERSION = YES_AGGRESSIVE;
				CLANG_CXX_LANGUAGE_STANDARD = "gnu++14";
				CLANG_CXX_LIBRARY = "libc++";
				CLANG_ENABLE_MODULES = YES;
				CLANG_ENABLE_OBJC_ARC = YES;
				CLANG_ENABLE_OBJC_WEAK = YES;
				CLANG_WARN_BLOCK_CAPTURE_AUTORELEASING = YES;
				CLANG_WARN_BOOL_CONVERSION = YES;
				CLANG_WARN_COMMA = YES;
				CLANG_WARN_CONSTANT_CONVERSION = YES;
				CLANG_WARN_DEPRECATED_OBJC_IMPLEMENTATIONS = YES;
				CLANG_WARN_DIRECT_OBJC_ISA_USAGE = YES_ERROR;
				CLANG_WARN_DOCUMENTATION_COMMENTS = YES;
				CLANG_WARN_EMPTY_BODY = YES;
				CLANG_WARN_ENUM_CONVERSION = YES;
				CLANG_WARN_INFINITE_RECURSION = YES;
				CLANG_WARN_INT_CONVERSION = YES;
				CLANG_WARN_NON_LITERAL_NULL_CONVERSION = YES;
				CLANG_WARN_OBJC_IMPLICIT_RETAIN_SELF = YES;
				CLANG_WARN_OBJC_LITERAL_CONVERSION = YES;
				CLANG_WARN_OBJC_ROOT_CLASS = YES_ERROR;
				CLANG_WARN_RANGE_LOOP_ANALYSIS = YES;
				CLANG_WARN_STRICT_PROTOTYPES = YES;
				CLANG_WARN_SUSPICIOUS_MOVE = YES;
				CLANG_WARN_UNGUARDED_AVAILABILITY = YES_AGGRESSIVE;
				CLANG_WARN_UNREACHABLE_CODE = YES;
				CLANG_WARN__DUPLICATE_METHOD_MATCH = YES;
				COPY_PHASE_STRIP = NO;
				DEBUG_INFORMATION_FORMAT = "dwarf-with-dsym";
				ENABLE_NS_ASSERTIONS = NO;
				ENABLE_STRICT_OBJC_MSGSEND = YES;
				GCC_C_LANGUAGE_STANDARD = gnu11;
				GCC_NO_COMMON_BLOCKS = YES;
				GCC_WARN_64_TO_32_BIT_CONVERSION = YES;
				GCC_WARN_ABOUT_RETURN_TYPE = YES_ERROR;
				GCC_WARN_UNDECLARED_SELECTOR = YES;
				GCC_WARN_UNINITIALIZED_AUTOS = YES_AGGRESSIVE;
				GCC_WARN_UNUSED_FUNCTION = YES;
				GCC_WARN_UNUSED_VARIABLE = YES;
				IPHONEOS_DEPLOYMENT_TARGET = 13.0;
				MTL_ENABLE_DEBUG_INFO = NO;
				MTL_FAST_MATH = YES;
				SDKROOT = iphoneos;
				SWIFT_COMPILATION_MODE = wholemodule;
				SWIFT_OPTIMIZATION_LEVEL = "-O";
				VALIDATE_PRODUCT = YES;
			};
			name = Release;
		};
		1D902A0E234315AB009C500D /* Debug */ = {
			isa = XCBuildConfiguration;
			buildSettings = {
				ASSETCATALOG_COMPILER_APPICON_NAME = AppIcon;
				CODE_SIGN_STYLE = Automatic;
				FRAMEWORK_SEARCH_PATHS = (
					"$(inherited)",
					"$(PROJECT_DIR)/Carthage/Build/iOS",
				);
				INFOPLIST_FILE = GitHubSearch/Info.plist;
				IPHONEOS_DEPLOYMENT_TARGET = 13.0;
				LD_RUNPATH_SEARCH_PATHS = (
					"$(inherited)",
					"@executable_path/Frameworks",
				);
				PRODUCT_BUNDLE_IDENTIFIER = DeFutura.GitHubSearch;
				PRODUCT_NAME = "$(TARGET_NAME)";
				SWIFT_VERSION = 5.0;
				TARGETED_DEVICE_FAMILY = "1,2";
			};
			name = Debug;
		};
		1D902A0F234315AB009C500D /* Release */ = {
			isa = XCBuildConfiguration;
			buildSettings = {
				ASSETCATALOG_COMPILER_APPICON_NAME = AppIcon;
				CODE_SIGN_STYLE = Automatic;
				FRAMEWORK_SEARCH_PATHS = (
					"$(inherited)",
					"$(PROJECT_DIR)/Carthage/Build/iOS",
				);
				INFOPLIST_FILE = GitHubSearch/Info.plist;
				IPHONEOS_DEPLOYMENT_TARGET = 13.0;
				LD_RUNPATH_SEARCH_PATHS = (
					"$(inherited)",
					"@executable_path/Frameworks",
				);
				PRODUCT_BUNDLE_IDENTIFIER = DeFutura.GitHubSearch;
				PRODUCT_NAME = "$(TARGET_NAME)";
				SWIFT_VERSION = 5.0;
				TARGETED_DEVICE_FAMILY = "1,2";
			};
			name = Release;
		};
		1D902A11234315AB009C500D /* Debug */ = {
			isa = XCBuildConfiguration;
			buildSettings = {
				ALWAYS_EMBED_SWIFT_STANDARD_LIBRARIES = YES;
				BUNDLE_LOADER = "$(TEST_HOST)";
				CODE_SIGN_STYLE = Automatic;
				INFOPLIST_FILE = GitHubSearchTests/Info.plist;
				IPHONEOS_DEPLOYMENT_TARGET = 13.0;
				LD_RUNPATH_SEARCH_PATHS = (
					"$(inherited)",
					"@executable_path/Frameworks",
					"@loader_path/Frameworks",
				);
				PRODUCT_BUNDLE_IDENTIFIER = DeFutura.GitHubSearchTests;
				PRODUCT_NAME = "$(TARGET_NAME)";
				SWIFT_VERSION = 5.0;
				TARGETED_DEVICE_FAMILY = "1,2";
				TEST_HOST = "$(BUILT_PRODUCTS_DIR)/GitHubSearch.app/GitHubSearch";
			};
			name = Debug;
		};
		1D902A12234315AB009C500D /* Release */ = {
			isa = XCBuildConfiguration;
			buildSettings = {
				ALWAYS_EMBED_SWIFT_STANDARD_LIBRARIES = YES;
				BUNDLE_LOADER = "$(TEST_HOST)";
				CODE_SIGN_STYLE = Automatic;
				INFOPLIST_FILE = GitHubSearchTests/Info.plist;
				IPHONEOS_DEPLOYMENT_TARGET = 13.0;
				LD_RUNPATH_SEARCH_PATHS = (
					"$(inherited)",
					"@executable_path/Frameworks",
					"@loader_path/Frameworks",
				);
				PRODUCT_BUNDLE_IDENTIFIER = DeFutura.GitHubSearchTests;
				PRODUCT_NAME = "$(TARGET_NAME)";
				SWIFT_VERSION = 5.0;
				TARGETED_DEVICE_FAMILY = "1,2";
				TEST_HOST = "$(BUILT_PRODUCTS_DIR)/GitHubSearch.app/GitHubSearch";
			};
			name = Release;
		};
		1D902A14234315AB009C500D /* Debug */ = {
			isa = XCBuildConfiguration;
			buildSettings = {
				ALWAYS_EMBED_SWIFT_STANDARD_LIBRARIES = YES;
				CODE_SIGN_STYLE = Automatic;
				INFOPLIST_FILE = GitHubSearchUITests/Info.plist;
				LD_RUNPATH_SEARCH_PATHS = (
					"$(inherited)",
					"@executable_path/Frameworks",
					"@loader_path/Frameworks",
				);
				PRODUCT_BUNDLE_IDENTIFIER = DeFutura.GitHubSearchUITests;
				PRODUCT_NAME = "$(TARGET_NAME)";
				SWIFT_VERSION = 5.0;
				TARGETED_DEVICE_FAMILY = "1,2";
				TEST_TARGET_NAME = GitHubSearch;
			};
			name = Debug;
		};
		1D902A15234315AB009C500D /* Release */ = {
			isa = XCBuildConfiguration;
			buildSettings = {
				ALWAYS_EMBED_SWIFT_STANDARD_LIBRARIES = YES;
				CODE_SIGN_STYLE = Automatic;
				INFOPLIST_FILE = GitHubSearchUITests/Info.plist;
				LD_RUNPATH_SEARCH_PATHS = (
					"$(inherited)",
					"@executable_path/Frameworks",
					"@loader_path/Frameworks",
				);
				PRODUCT_BUNDLE_IDENTIFIER = DeFutura.GitHubSearchUITests;
				PRODUCT_NAME = "$(TARGET_NAME)";
				SWIFT_VERSION = 5.0;
				TARGETED_DEVICE_FAMILY = "1,2";
				TEST_TARGET_NAME = GitHubSearch;
			};
			name = Release;
		};
/* End XCBuildConfiguration section */

/* Begin XCConfigurationList section */
		1D9029DE234315A9009C500D /* Build configuration list for PBXProject "GitHubSearch" */ = {
			isa = XCConfigurationList;
			buildConfigurations = (
				1D902A0B234315AB009C500D /* Debug */,
				1D902A0C234315AB009C500D /* Release */,
			);
			defaultConfigurationIsVisible = 0;
			defaultConfigurationName = Release;
		};
		1D902A0D234315AB009C500D /* Build configuration list for PBXNativeTarget "GitHubSearch" */ = {
			isa = XCConfigurationList;
			buildConfigurations = (
				1D902A0E234315AB009C500D /* Debug */,
				1D902A0F234315AB009C500D /* Release */,
			);
			defaultConfigurationIsVisible = 0;
			defaultConfigurationName = Release;
		};
		1D902A10234315AB009C500D /* Build configuration list for PBXNativeTarget "GitHubSearchTests" */ = {
			isa = XCConfigurationList;
			buildConfigurations = (
				1D902A11234315AB009C500D /* Debug */,
				1D902A12234315AB009C500D /* Release */,
			);
			defaultConfigurationIsVisible = 0;
			defaultConfigurationName = Release;
		};
		1D902A13234315AB009C500D /* Build configuration list for PBXNativeTarget "GitHubSearchUITests" */ = {
			isa = XCConfigurationList;
			buildConfigurations = (
				1D902A14234315AB009C500D /* Debug */,
				1D902A15234315AB009C500D /* Release */,
			);
			defaultConfigurationIsVisible = 0;
			defaultConfigurationName = Release;
		};
/* End XCConfigurationList section */
	};
	rootObject = 1D9029DB234315A9009C500D /* Project object */;
}
